
Microsoft Visual Studio Solution File, Format Version 12.00
# Visual Studio Version 16
VisualStudioVersion = 16.0.29709.97
MinimumVisualStudioVersion = 10.0.40219.1
Project("{2150E333-8FDC-42A3-9474-1A3956D46DE8}") = "Solution Items", "Solution Items", "{A46BB064-AC54-4A17-8FF2-B6A724F14D95}"
	ProjectSection(SolutionItems) = preProject
		buildRelease.bat = buildRelease.bat
		ChangeLog.txt = ChangeLog.txt
		CivilianPopulation.version = CivilianPopulation.version
		deploy.bat = deploy.bat
		jenkins.txt = jenkins.txt
		KerbalChangeLog.cfg = KerbalChangeLog.cfg
		License.md = License.md
		Readme.md = Readme.md
	EndProjectSection
EndProject
Project("{FAE04EC0-301F-11D3-BF4B-00C04F79EFBC}") = "CivilianPopulation", "CivilianPopulation\CivilianPopulation.csproj", "{DD027844-CCFC-49DB-943D-B686BB86C55F}"
EndProject
Global
	GlobalSection(SolutionConfigurationPlatforms) = preSolution
		Debug|Any CPU = Debug|Any CPU
		Release|Any CPU = Release|Any CPU
	EndGlobalSection
	GlobalSection(ProjectConfigurationPlatforms) = postSolution
		{DD027844-CCFC-49DB-943D-B686BB86C55F}.Debug|Any CPU.ActiveCfg = Debug|Any CPU
		{DD027844-CCFC-49DB-943D-B686BB86C55F}.Debug|Any CPU.Build.0 = Debug|Any CPU
		{DD027844-CCFC-49DB-943D-B686BB86C55F}.Release|Any CPU.ActiveCfg = Release|Any CPU
		{DD027844-CCFC-49DB-943D-B686BB86C55F}.Release|Any CPU.Build.0 = Release|Any CPU
	EndGlobalSection
	GlobalSection(SolutionProperties) = preSolution
		HideSolutionNode = FALSE
	EndGlobalSection
	GlobalSection(ExtensibilityGlobals) = postSolution
		SolutionGuid = {C4E80C1D-CB88-4E14-BDB3-92D6F53FF105}
	EndGlobalSection
EndGlobal
